
Microsoft Visual Studio Solution File, Format Version 12.00
# Visual Studio Version 17
VisualStudioVersion = 17.2.32616.157
MinimumVisualStudioVersion = 10.0.40219.1
Project("{9A19103F-16F7-4668-BE54-9A1E7A4F7556}") = "HW_11_3", "HW11\HW_11_3.csproj", "{013B2CEF-8FC4-48DA-AD0C-2E5B603FB620}"
EndProject
Project("{9A19103F-16F7-4668-BE54-9A1E7A4F7556}") = "HW_11_1", "HW_11_1\HW_11_1.csproj", "{D0219960-8B7C-4DD4-BD35-76E82AA7BE8E}"
EndProject
Project("{9A19103F-16F7-4668-BE54-9A1E7A4F7556}") = "HW_11_2", "HW_11_2\HW_11_2.csproj", "{C08E91CB-ADC5-4E5B-8C62-B6BBBC4730A4}"
EndProject
Global
	GlobalSection(SolutionConfigurationPlatforms) = preSolution
		Debug|Any CPU = Debug|Any CPU
		Release|Any CPU = Release|Any CPU
	EndGlobalSection
	GlobalSection(ProjectConfigurationPlatforms) = postSolution
		{013B2CEF-8FC4-48DA-AD0C-2E5B603FB620}.Debug|Any CPU.ActiveCfg = Debug|Any CPU
		{013B2CEF-8FC4-48DA-AD0C-2E5B603FB620}.Debug|Any CPU.Build.0 = Debug|Any CPU
		{013B2CEF-8FC4-48DA-AD0C-2E5B603FB620}.Release|Any CPU.ActiveCfg = Release|Any CPU
		{013B2CEF-8FC4-48DA-AD0C-2E5B603FB620}.Release|Any CPU.Build.0 = Release|Any CPU
		{D0219960-8B7C-4DD4-BD35-76E82AA7BE8E}.Debug|Any CPU.ActiveCfg = Debug|Any CPU
		{D0219960-8B7C-4DD4-BD35-76E82AA7BE8E}.Debug|Any CPU.Build.0 = Debug|Any CPU
		{D0219960-8B7C-4DD4-BD35-76E82AA7BE8E}.Release|Any CPU.ActiveCfg = Release|Any CPU
		{D0219960-8B7C-4DD4-BD35-76E82AA7BE8E}.Release|Any CPU.Build.0 = Release|Any CPU
		{C08E91CB-ADC5-4E5B-8C62-B6BBBC4730A4}.Debug|Any CPU.ActiveCfg = Debug|Any CPU
		{C08E91CB-ADC5-4E5B-8C62-B6BBBC4730A4}.Debug|Any CPU.Build.0 = Debug|Any CPU
		{C08E91CB-ADC5-4E5B-8C62-B6BBBC4730A4}.Release|Any CPU.ActiveCfg = Release|Any CPU
		{C08E91CB-ADC5-4E5B-8C62-B6BBBC4730A4}.Release|Any CPU.Build.0 = Release|Any CPU
	EndGlobalSection
	GlobalSection(SolutionProperties) = preSolution
		HideSolutionNode = FALSE
	EndGlobalSection
	GlobalSection(ExtensibilityGlobals) = postSolution
		SolutionGuid = {25D8B85D-9579-463D-94F7-958636629ACA}
	EndGlobalSection
EndGlobal
